{
  "lockfile_version": "1",
  "packages": {
    "poetry@latest": {
      "last_modified": "2024-01-17T04:47:17Z",
      "plugin_version": "0.0.4",
      "resolved": "github:NixOS/nixpkgs/757637581797f148c50977b6127147c5d298f9e9#poetry",
      "source": "devbox-search",
      "version": "1.7.1",
      "systems": {
        "aarch64-darwin": {
          "store_path": "/nix/store/3a6wgwy1d99zsswkrjahs1bi4d9bpsjf-python3.11-poetry-1.7.1"
        },
        "aarch64-linux": {
          "store_path": "/nix/store/zgqcphs7mw4ypywc0rrfskj2c1yww3xd-python3.11-poetry-1.7.1"
        },
        "x86_64-darwin": {
          "store_path": "/nix/store/bdvkxmch0j8bmwwzx8xhl1v9lmzkw3bj-python3.11-poetry-1.7.1"
        },
        "x86_64-linux": {
          "store_path": "/nix/store/r1zy750vivvi0hf2vf92hrms34b5rc7m-python3.11-poetry-1.7.1"
        }
      }
    },
    "python312@latest": {
      "last_modified": "2024-01-14T03:55:27Z",
      "plugin_version": "0.0.3",
      "resolved": "github:NixOS/nixpkgs/dd5621df6dcb90122b50da5ec31c411a0de3e538#python312",
      "source": "devbox-search",
      "version": "3.12.1",
      "systems": {
        "aarch64-darwin": {
          "store_path": "/nix/store/pikp0zcfmr1xxws10j293zhh67y1gha2-python3-3.12.1"
        },
        "aarch64-linux": {
          "store_path": "/nix/store/0lc7w5bz37ajlw59sf14ndms5wmvnc1j-python3-3.12.1"
        },
        "x86_64-darwin": {
          "store_path": "/nix/store/vbbg55b1zms8ylj0zwq8pdc70dpv7sp7-python3-3.12.1"
        },
        "x86_64-linux": {
          "store_path": "/nix/store/r2pbmhh7l7g6f3avk8vg8d33frl4c2sx-python3-3.12.1"
        }
      }
    }
  }
}
